// !$*UTF8*$!
{
	archiveVersion = 1;
	classes = {
	};
	objectVersion = 55;
	objects = {

/* Begin PBXBuildFile section */
		AE1AB18127E3804100264774 /* OufMime_iOS_SwiftUIApp.swift in Sources */ = {isa = PBXBuildFile; fileRef = AE1AB18027E3804100264774 /* OufMime_iOS_SwiftUIApp.swift */; };
		AE1AB18327E3804100264774 /* ContentView.swift in Sources */ = {isa = PBXBuildFile; fileRef = AE1AB18227E3804100264774 /* ContentView.swift */; };
		AE1AB18527E3804300264774 /* Assets.xcassets in Resources */ = {isa = PBXBuildFile; fileRef = AE1AB18427E3804300264774 /* Assets.xcassets */; };
		AE1AB18827E3804300264774 /* Preview Assets.xcassets in Resources */ = {isa = PBXBuildFile; fileRef = AE1AB18727E3804300264774 /* Preview Assets.xcassets */; };
		AE1AB18D27E3804300264774 /* OufMime_iOS_SwiftUI.xcdatamodeld in Sources */ = {isa = PBXBuildFile; fileRef = AE1AB18B27E3804300264774 /* OufMime_iOS_SwiftUI.xcdatamodeld */; };
		AE1AB19727E3804300264774 /* OufMime_iOS_SwiftUITests.swift in Sources */ = {isa = PBXBuildFile; fileRef = AE1AB19627E3804300264774 /* OufMime_iOS_SwiftUITests.swift */; };
		AE1AB1A127E3804300264774 /* OufMime_iOS_SwiftUIUITests.swift in Sources */ = {isa = PBXBuildFile; fileRef = AE1AB1A027E3804300264774 /* OufMime_iOS_SwiftUIUITests.swift */; };
		AE1AB1A327E3804300264774 /* OufMime_iOS_SwiftUIUITestsLaunchTests.swift in Sources */ = {isa = PBXBuildFile; fileRef = AE1AB1A227E3804300264774 /* OufMime_iOS_SwiftUIUITestsLaunchTests.swift */; };
		AE1AB1B227E382C100264774 /* WordRepository.swift in Sources */ = {isa = PBXBuildFile; fileRef = AE1AB1B127E382C100264774 /* WordRepository.swift */; };
		AE1AB1B427E3832100264774 /* WordModel.swift in Sources */ = {isa = PBXBuildFile; fileRef = AE1AB1B327E3832100264774 /* WordModel.swift */; };
		AE1AB1B627E3835500264774 /* Category.swift in Sources */ = {isa = PBXBuildFile; fileRef = AE1AB1B527E3835500264774 /* Category.swift */; };
		AE1AB1B827E388A800264774 /* WordViewModel.swift in Sources */ = {isa = PBXBuildFile; fileRef = AE1AB1B727E388A800264774 /* WordViewModel.swift */; };
		AE1AB1BB27E38A0F00264774 /* words.json in Resources */ = {isa = PBXBuildFile; fileRef = AE1AB1BA27E38A0F00264774 /* words.json */; };
		AE3C86F727E9CCA300030154 /* timer_other.wav in Resources */ = {isa = PBXBuildFile; fileRef = AE3C86F227E9CCA300030154 /* timer_other.wav */; };
		AE3C86F827E9CCA300030154 /* word_ok.wav in Resources */ = {isa = PBXBuildFile; fileRef = AE3C86F327E9CCA300030154 /* word_ok.wav */; };
		AE3C86F927E9CCA300030154 /* times_up.wav in Resources */ = {isa = PBXBuildFile; fileRef = AE3C86F427E9CCA300030154 /* times_up.wav */; };
		AE3C86FA27E9CCA300030154 /* word_wrong.wav in Resources */ = {isa = PBXBuildFile; fileRef = AE3C86F527E9CCA300030154 /* word_wrong.wav */; };
		AE3C86FB27E9CCA300030154 /* timer.wav in Resources */ = {isa = PBXBuildFile; fileRef = AE3C86F627E9CCA300030154 /* timer.wav */; };
		AE4A10C527E4B56100357677 /* WelcomeScreen.swift in Sources */ = {isa = PBXBuildFile; fileRef = AE4A10C427E4B56100357677 /* WelcomeScreen.swift */; };
		AE4A10C727E4B7AF00357677 /* CustomViews.swift in Sources */ = {isa = PBXBuildFile; fileRef = AE4A10C627E4B7AF00357677 /* CustomViews.swift */; };
		AE4A10CA27E4B84000357677 /* Dimens.swift in Sources */ = {isa = PBXBuildFile; fileRef = AE4A10C927E4B84000357677 /* Dimens.swift */; };
		AE4A10CC27E4BF2500357677 /* ColorExt.swift in Sources */ = {isa = PBXBuildFile; fileRef = AE4A10CB27E4BF2500357677 /* ColorExt.swift */; };
		AE4A10D027E4D0B500357677 /* Constants.swift in Sources */ = {isa = PBXBuildFile; fileRef = AE4A10CF27E4D0B500357677 /* Constants.swift */; };
		AE4A10D227E4D36500357677 /* SettingsScreen.swift in Sources */ = {isa = PBXBuildFile; fileRef = AE4A10D127E4D36500357677 /* SettingsScreen.swift */; };
		AEEDCD1727E87981004977D7 /* ScoreboardViews.swift in Sources */ = {isa = PBXBuildFile; fileRef = AEEDCD1627E87981004977D7 /* ScoreboardViews.swift */; };
		AEEDCD1927E87C99004977D7 /* TurnStartScreen.swift in Sources */ = {isa = PBXBuildFile; fileRef = AEEDCD1827E87C99004977D7 /* TurnStartScreen.swift */; };
		AEEDCD1B27E8AD58004977D7 /* PlayScreen.swift in Sources */ = {isa = PBXBuildFile; fileRef = AEEDCD1A27E8AD58004977D7 /* PlayScreen.swift */; };
		AEEDCD1D27E8D11B004977D7 /* TurnEndScreen.swift in Sources */ = {isa = PBXBuildFile; fileRef = AEEDCD1C27E8D11B004977D7 /* TurnEndScreen.swift */; };
/* End PBXBuildFile section */

/* Begin PBXContainerItemProxy section */
		AE1AB19327E3804300264774 /* PBXContainerItemProxy */ = {
			isa = PBXContainerItemProxy;
			containerPortal = AE1AB17527E3804100264774 /* Project object */;
			proxyType = 1;
			remoteGlobalIDString = AE1AB17C27E3804100264774;
			remoteInfo = "OufMime-iOS-SwiftUI";
		};
		AE1AB19D27E3804300264774 /* PBXContainerItemProxy */ = {
			isa = PBXContainerItemProxy;
			containerPortal = AE1AB17527E3804100264774 /* Project object */;
			proxyType = 1;
			remoteGlobalIDString = AE1AB17C27E3804100264774;
			remoteInfo = "OufMime-iOS-SwiftUI";
		};
/* End PBXContainerItemProxy section */

/* Begin PBXFileReference section */
		AE1AB17D27E3804100264774 /* OufMime-iOS-SwiftUI.app */ = {isa = PBXFileReference; explicitFileType = wrapper.application; includeInIndex = 0; path = "OufMime-iOS-SwiftUI.app"; sourceTree = BUILT_PRODUCTS_DIR; };
		AE1AB18027E3804100264774 /* OufMime_iOS_SwiftUIApp.swift */ = {isa = PBXFileReference; lastKnownFileType = sourcecode.swift; path = OufMime_iOS_SwiftUIApp.swift; sourceTree = "<group>"; };
		AE1AB18227E3804100264774 /* ContentView.swift */ = {isa = PBXFileReference; lastKnownFileType = sourcecode.swift; path = ContentView.swift; sourceTree = "<group>"; };
		AE1AB18427E3804300264774 /* Assets.xcassets */ = {isa = PBXFileReference; lastKnownFileType = folder.assetcatalog; path = Assets.xcassets; sourceTree = "<group>"; };
		AE1AB18727E3804300264774 /* Preview Assets.xcassets */ = {isa = PBXFileReference; lastKnownFileType = folder.assetcatalog; path = "Preview Assets.xcassets"; sourceTree = "<group>"; };
		AE1AB18C27E3804300264774 /* OufMime_iOS_SwiftUI.xcdatamodel */ = {isa = PBXFileReference; lastKnownFileType = wrapper.xcdatamodel; path = OufMime_iOS_SwiftUI.xcdatamodel; sourceTree = "<group>"; };
		AE1AB19227E3804300264774 /* OufMime-iOS-SwiftUITests.xctest */ = {isa = PBXFileReference; explicitFileType = wrapper.cfbundle; includeInIndex = 0; path = "OufMime-iOS-SwiftUITests.xctest"; sourceTree = BUILT_PRODUCTS_DIR; };
		AE1AB19627E3804300264774 /* OufMime_iOS_SwiftUITests.swift */ = {isa = PBXFileReference; lastKnownFileType = sourcecode.swift; path = OufMime_iOS_SwiftUITests.swift; sourceTree = "<group>"; };
		AE1AB19C27E3804300264774 /* OufMime-iOS-SwiftUIUITests.xctest */ = {isa = PBXFileReference; explicitFileType = wrapper.cfbundle; includeInIndex = 0; path = "OufMime-iOS-SwiftUIUITests.xctest"; sourceTree = BUILT_PRODUCTS_DIR; };
		AE1AB1A027E3804300264774 /* OufMime_iOS_SwiftUIUITests.swift */ = {isa = PBXFileReference; lastKnownFileType = sourcecode.swift; path = OufMime_iOS_SwiftUIUITests.swift; sourceTree = "<group>"; };
		AE1AB1A227E3804300264774 /* OufMime_iOS_SwiftUIUITestsLaunchTests.swift */ = {isa = PBXFileReference; lastKnownFileType = sourcecode.swift; path = OufMime_iOS_SwiftUIUITestsLaunchTests.swift; sourceTree = "<group>"; };
		AE1AB1B127E382C100264774 /* WordRepository.swift */ = {isa = PBXFileReference; lastKnownFileType = sourcecode.swift; path = WordRepository.swift; sourceTree = "<group>"; };
		AE1AB1B327E3832100264774 /* WordModel.swift */ = {isa = PBXFileReference; lastKnownFileType = sourcecode.swift; path = WordModel.swift; sourceTree = "<group>"; };
		AE1AB1B527E3835500264774 /* Category.swift */ = {isa = PBXFileReference; lastKnownFileType = sourcecode.swift; path = Category.swift; sourceTree = "<group>"; };
		AE1AB1B727E388A800264774 /* WordViewModel.swift */ = {isa = PBXFileReference; lastKnownFileType = sourcecode.swift; path = WordViewModel.swift; sourceTree = "<group>"; };
		AE1AB1BA27E38A0F00264774 /* words.json */ = {isa = PBXFileReference; fileEncoding = 4; lastKnownFileType = text.json; path = words.json; sourceTree = "<group>"; };
		AE3C86F227E9CCA300030154 /* timer_other.wav */ = {isa = PBXFileReference; lastKnownFileType = audio.wav; path = timer_other.wav; sourceTree = "<group>"; };
		AE3C86F327E9CCA300030154 /* word_ok.wav */ = {isa = PBXFileReference; lastKnownFileType = audio.wav; path = word_ok.wav; sourceTree = "<group>"; };
		AE3C86F427E9CCA300030154 /* times_up.wav */ = {isa = PBXFileReference; lastKnownFileType = audio.wav; path = times_up.wav; sourceTree = "<group>"; };
		AE3C86F527E9CCA300030154 /* word_wrong.wav */ = {isa = PBXFileReference; lastKnownFileType = audio.wav; path = word_wrong.wav; sourceTree = "<group>"; };
		AE3C86F627E9CCA300030154 /* timer.wav */ = {isa = PBXFileReference; lastKnownFileType = audio.wav; path = timer.wav; sourceTree = "<group>"; };
		AE4A10C327E495A200357677 /* TestPlan.xctestplan */ = {isa = PBXFileReference; lastKnownFileType = text; path = TestPlan.xctestplan; sourceTree = "<group>"; };
		AE4A10C427E4B56100357677 /* WelcomeScreen.swift */ = {isa = PBXFileReference; lastKnownFileType = sourcecode.swift; path = WelcomeScreen.swift; sourceTree = "<group>"; };
		AE4A10C627E4B7AF00357677 /* CustomViews.swift */ = {isa = PBXFileReference; lastKnownFileType = sourcecode.swift; path = CustomViews.swift; sourceTree = "<group>"; };
		AE4A10C927E4B84000357677 /* Dimens.swift */ = {isa = PBXFileReference; lastKnownFileType = sourcecode.swift; path = Dimens.swift; sourceTree = "<group>"; };
		AE4A10CB27E4BF2500357677 /* ColorExt.swift */ = {isa = PBXFileReference; lastKnownFileType = sourcecode.swift; path = ColorExt.swift; sourceTree = "<group>"; };
		AE4A10CF27E4D0B500357677 /* Constants.swift */ = {isa = PBXFileReference; lastKnownFileType = sourcecode.swift; path = Constants.swift; sourceTree = "<group>"; };
		AE4A10D127E4D36500357677 /* SettingsScreen.swift */ = {isa = PBXFileReference; lastKnownFileType = sourcecode.swift; path = SettingsScreen.swift; sourceTree = "<group>"; };
		AEEDCD1627E87981004977D7 /* ScoreboardViews.swift */ = {isa = PBXFileReference; lastKnownFileType = sourcecode.swift; path = ScoreboardViews.swift; sourceTree = "<group>"; };
		AEEDCD1827E87C99004977D7 /* TurnStartScreen.swift */ = {isa = PBXFileReference; lastKnownFileType = sourcecode.swift; path = TurnStartScreen.swift; sourceTree = "<group>"; };
		AEEDCD1A27E8AD58004977D7 /* PlayScreen.swift */ = {isa = PBXFileReference; lastKnownFileType = sourcecode.swift; path = PlayScreen.swift; sourceTree = "<group>"; };
		AEEDCD1C27E8D11B004977D7 /* TurnEndScreen.swift */ = {isa = PBXFileReference; lastKnownFileType = sourcecode.swift; path = TurnEndScreen.swift; sourceTree = "<group>"; };
/* End PBXFileReference section */

/* Begin PBXFrameworksBuildPhase section */
		AE1AB17A27E3804100264774 /* Frameworks */ = {
			isa = PBXFrameworksBuildPhase;
			buildActionMask = 2147483647;
			files = (
			);
			runOnlyForDeploymentPostprocessing = 0;
		};
		AE1AB18F27E3804300264774 /* Frameworks */ = {
			isa = PBXFrameworksBuildPhase;
			buildActionMask = 2147483647;
			files = (
			);
			runOnlyForDeploymentPostprocessing = 0;
		};
		AE1AB19927E3804300264774 /* Frameworks */ = {
			isa = PBXFrameworksBuildPhase;
			buildActionMask = 2147483647;
			files = (
			);
			runOnlyForDeploymentPostprocessing = 0;
		};
/* End PBXFrameworksBuildPhase section */

/* Begin PBXGroup section */
		AE1AB17427E3804100264774 = {
			isa = PBXGroup;
			children = (
				AE4A10C327E495A200357677 /* TestPlan.xctestplan */,
				AE1AB17F27E3804100264774 /* OufMime-iOS-SwiftUI */,
				AE1AB19527E3804300264774 /* OufMime-iOS-SwiftUITests */,
				AE1AB19F27E3804300264774 /* OufMime-iOS-SwiftUIUITests */,
				AE1AB17E27E3804100264774 /* Products */,
			);
			sourceTree = "<group>";
		};
		AE1AB17E27E3804100264774 /* Products */ = {
			isa = PBXGroup;
			children = (
				AE1AB17D27E3804100264774 /* OufMime-iOS-SwiftUI.app */,
				AE1AB19227E3804300264774 /* OufMime-iOS-SwiftUITests.xctest */,
				AE1AB19C27E3804300264774 /* OufMime-iOS-SwiftUIUITests.xctest */,
			);
			name = Products;
			sourceTree = "<group>";
		};
		AE1AB17F27E3804100264774 /* OufMime-iOS-SwiftUI */ = {
			isa = PBXGroup;
			children = (
				AE4A10C827E4B80100357677 /* Utils */,
				AE1AB1B927E389DC00264774 /* Assets */,
				AE1AB1B027E3829B00264774 /* Model */,
				AE1AB1AF27E3828F00264774 /* Views */,
				AE1AB18027E3804100264774 /* OufMime_iOS_SwiftUIApp.swift */,
				AE1AB18427E3804300264774 /* Assets.xcassets */,
				AE1AB18B27E3804300264774 /* OufMime_iOS_SwiftUI.xcdatamodeld */,
				AE1AB18627E3804300264774 /* Preview Content */,
			);
			path = "OufMime-iOS-SwiftUI";
			sourceTree = "<group>";
		};
		AE1AB18627E3804300264774 /* Preview Content */ = {
			isa = PBXGroup;
			children = (
				AE1AB18727E3804300264774 /* Preview Assets.xcassets */,
			);
			path = "Preview Content";
			sourceTree = "<group>";
		};
		AE1AB19527E3804300264774 /* OufMime-iOS-SwiftUITests */ = {
			isa = PBXGroup;
			children = (
				AE1AB19627E3804300264774 /* OufMime_iOS_SwiftUITests.swift */,
			);
			path = "OufMime-iOS-SwiftUITests";
			sourceTree = "<group>";
		};
		AE1AB19F27E3804300264774 /* OufMime-iOS-SwiftUIUITests */ = {
			isa = PBXGroup;
			children = (
				AE1AB1A027E3804300264774 /* OufMime_iOS_SwiftUIUITests.swift */,
				AE1AB1A227E3804300264774 /* OufMime_iOS_SwiftUIUITestsLaunchTests.swift */,
			);
			path = "OufMime-iOS-SwiftUIUITests";
			sourceTree = "<group>";
		};
		AE1AB1AF27E3828F00264774 /* Views */ = {
			isa = PBXGroup;
			children = (
				AEEDCD1527E87902004977D7 /* Library */,
				AEEDCD1427E878DD004977D7 /* Screens */,
				AE1AB18227E3804100264774 /* ContentView.swift */,
			);
			path = Views;
			sourceTree = "<group>";
		};
		AE1AB1B027E3829B00264774 /* Model */ = {
			isa = PBXGroup;
			children = (
				AE1AB1B527E3835500264774 /* Category.swift */,
				AE1AB1B327E3832100264774 /* WordModel.swift */,
				AE1AB1B127E382C100264774 /* WordRepository.swift */,
				AE1AB1B727E388A800264774 /* WordViewModel.swift */,
			);
			path = Model;
			sourceTree = "<group>";
		};
		AE1AB1B927E389DC00264774 /* Assets */ = {
			isa = PBXGroup;
			children = (
				AE3C86F227E9CCA300030154 /* timer_other.wav */,
				AE3C86F627E9CCA300030154 /* timer.wav */,
				AE3C86F427E9CCA300030154 /* times_up.wav */,
				AE3C86F327E9CCA300030154 /* word_ok.wav */,
				AE3C86F527E9CCA300030154 /* word_wrong.wav */,
				AE1AB1BA27E38A0F00264774 /* words.json */,
			);
			path = Assets;
			sourceTree = "<group>";
		};
		AE4A10C827E4B80100357677 /* Utils */ = {
			isa = PBXGroup;
			children = (
				AE4A10CB27E4BF2500357677 /* ColorExt.swift */,
				AE4A10CF27E4D0B500357677 /* Constants.swift */,
				AE4A10C927E4B84000357677 /* Dimens.swift */,
			);
			path = Utils;
			sourceTree = "<group>";
		};
		AEEDCD1427E878DD004977D7 /* Screens */ = {
			isa = PBXGroup;
			children = (
				AEEDCD1A27E8AD58004977D7 /* PlayScreen.swift */,
				AE4A10D127E4D36500357677 /* SettingsScreen.swift */,
				AEEDCD1C27E8D11B004977D7 /* TurnEndScreen.swift */,
				AEEDCD1827E87C99004977D7 /* TurnStartScreen.swift */,
				AE4A10C427E4B56100357677 /* WelcomeScreen.swift */,
			);
			path = Screens;
			sourceTree = "<group>";
		};
		AEEDCD1527E87902004977D7 /* Library */ = {
			isa = PBXGroup;
			children = (
				AE4A10C627E4B7AF00357677 /* CustomViews.swift */,
				AEEDCD1627E87981004977D7 /* ScoreboardViews.swift */,
			);
			path = Library;
			sourceTree = "<group>";
		};
/* End PBXGroup section */

/* Begin PBXNativeTarget section */
		AE1AB17C27E3804100264774 /* OufMime-iOS-SwiftUI */ = {
			isa = PBXNativeTarget;
			buildConfigurationList = AE1AB1A627E3804300264774 /* Build configuration list for PBXNativeTarget "OufMime-iOS-SwiftUI" */;
			buildPhases = (
				AE1AB17927E3804100264774 /* Sources */,
				AE1AB17A27E3804100264774 /* Frameworks */,
				AE1AB17B27E3804100264774 /* Resources */,
			);
			buildRules = (
			);
			dependencies = (
			);
			name = "OufMime-iOS-SwiftUI";
			productName = "OufMime-iOS-SwiftUI";
			productReference = AE1AB17D27E3804100264774 /* OufMime-iOS-SwiftUI.app */;
			productType = "com.apple.product-type.application";
		};
		AE1AB19127E3804300264774 /* OufMime-iOS-SwiftUITests */ = {
			isa = PBXNativeTarget;
			buildConfigurationList = AE1AB1A927E3804300264774 /* Build configuration list for PBXNativeTarget "OufMime-iOS-SwiftUITests" */;
			buildPhases = (
				AE1AB18E27E3804300264774 /* Sources */,
				AE1AB18F27E3804300264774 /* Frameworks */,
				AE1AB19027E3804300264774 /* Resources */,
			);
			buildRules = (
			);
			dependencies = (
				AE1AB19427E3804300264774 /* PBXTargetDependency */,
			);
			name = "OufMime-iOS-SwiftUITests";
			productName = "OufMime-iOS-SwiftUITests";
			productReference = AE1AB19227E3804300264774 /* OufMime-iOS-SwiftUITests.xctest */;
			productType = "com.apple.product-type.bundle.unit-test";
		};
		AE1AB19B27E3804300264774 /* OufMime-iOS-SwiftUIUITests */ = {
			isa = PBXNativeTarget;
			buildConfigurationList = AE1AB1AC27E3804300264774 /* Build configuration list for PBXNativeTarget "OufMime-iOS-SwiftUIUITests" */;
			buildPhases = (
				AE1AB19827E3804300264774 /* Sources */,
				AE1AB19927E3804300264774 /* Frameworks */,
				AE1AB19A27E3804300264774 /* Resources */,
			);
			buildRules = (
			);
			dependencies = (
				AE1AB19E27E3804300264774 /* PBXTargetDependency */,
			);
			name = "OufMime-iOS-SwiftUIUITests";
			productName = "OufMime-iOS-SwiftUIUITests";
			productReference = AE1AB19C27E3804300264774 /* OufMime-iOS-SwiftUIUITests.xctest */;
			productType = "com.apple.product-type.bundle.ui-testing";
		};
/* End PBXNativeTarget section */

/* Begin PBXProject section */
		AE1AB17527E3804100264774 /* Project object */ = {
			isa = PBXProject;
			attributes = {
				BuildIndependentTargetsInParallel = 1;
				LastSwiftUpdateCheck = 1330;
				LastUpgradeCheck = 1330;
				TargetAttributes = {
					AE1AB17C27E3804100264774 = {
						CreatedOnToolsVersion = 13.3;
					};
					AE1AB19127E3804300264774 = {
						CreatedOnToolsVersion = 13.3;
						TestTargetID = AE1AB17C27E3804100264774;
					};
					AE1AB19B27E3804300264774 = {
						CreatedOnToolsVersion = 13.3;
						TestTargetID = AE1AB17C27E3804100264774;
					};
				};
			};
			buildConfigurationList = AE1AB17827E3804100264774 /* Build configuration list for PBXProject "OufMime-iOS-SwiftUI" */;
			compatibilityVersion = "Xcode 13.0";
			developmentRegion = en;
			hasScannedForEncodings = 0;
			knownRegions = (
				en,
				Base,
			);
			mainGroup = AE1AB17427E3804100264774;
			productRefGroup = AE1AB17E27E3804100264774 /* Products */;
			projectDirPath = "";
			projectRoot = "";
			targets = (
				AE1AB17C27E3804100264774 /* OufMime-iOS-SwiftUI */,
				AE1AB19127E3804300264774 /* OufMime-iOS-SwiftUITests */,
				AE1AB19B27E3804300264774 /* OufMime-iOS-SwiftUIUITests */,
			);
		};
/* End PBXProject section */

/* Begin PBXResourcesBuildPhase section */
		AE1AB17B27E3804100264774 /* Resources */ = {
			isa = PBXResourcesBuildPhase;
			buildActionMask = 2147483647;
			files = (
				AE3C86F927E9CCA300030154 /* times_up.wav in Resources */,
				AE1AB1BB27E38A0F00264774 /* words.json in Resources */,
				AE3C86F727E9CCA300030154 /* timer_other.wav in Resources */,
				AE1AB18827E3804300264774 /* Preview Assets.xcassets in Resources */,
				AE3C86FA27E9CCA300030154 /* word_wrong.wav in Resources */,
				AE3C86F827E9CCA300030154 /* word_ok.wav in Resources */,
				AE3C86FB27E9CCA300030154 /* timer.wav in Resources */,
				AE1AB18527E3804300264774 /* Assets.xcassets in Resources */,
			);
			runOnlyForDeploymentPostprocessing = 0;
		};
		AE1AB19027E3804300264774 /* Resources */ = {
			isa = PBXResourcesBuildPhase;
			buildActionMask = 2147483647;
			files = (
			);
			runOnlyForDeploymentPostprocessing = 0;
		};
		AE1AB19A27E3804300264774 /* Resources */ = {
			isa = PBXResourcesBuildPhase;
			buildActionMask = 2147483647;
			files = (
			);
			runOnlyForDeploymentPostprocessing = 0;
		};
/* End PBXResourcesBuildPhase section */

/* Begin PBXSourcesBuildPhase section */
		AE1AB17927E3804100264774 /* Sources */ = {
			isa = PBXSourcesBuildPhase;
			buildActionMask = 2147483647;
			files = (
				AE4A10C727E4B7AF00357677 /* CustomViews.swift in Sources */,
				AEEDCD1B27E8AD58004977D7 /* PlayScreen.swift in Sources */,
				AE1AB18D27E3804300264774 /* OufMime_iOS_SwiftUI.xcdatamodeld in Sources */,
				AE1AB1B427E3832100264774 /* WordModel.swift in Sources */,
				AE4A10C527E4B56100357677 /* WelcomeScreen.swift in Sources */,
				AE1AB1B227E382C100264774 /* WordRepository.swift in Sources */,
				AE1AB18327E3804100264774 /* ContentView.swift in Sources */,
				AE1AB1B627E3835500264774 /* Category.swift in Sources */,
				AE4A10D027E4D0B500357677 /* Constants.swift in Sources */,
				AE4A10D227E4D36500357677 /* SettingsScreen.swift in Sources */,
				AE4A10CC27E4BF2500357677 /* ColorExt.swift in Sources */,
				AEEDCD1927E87C99004977D7 /* TurnStartScreen.swift in Sources */,
				AEEDCD1727E87981004977D7 /* ScoreboardViews.swift in Sources */,
				AEEDCD1D27E8D11B004977D7 /* TurnEndScreen.swift in Sources */,
				AE4A10CA27E4B84000357677 /* Dimens.swift in Sources */,
				AE1AB1B827E388A800264774 /* WordViewModel.swift in Sources */,
				AE1AB18127E3804100264774 /* OufMime_iOS_SwiftUIApp.swift in Sources */,
			);
			runOnlyForDeploymentPostprocessing = 0;
		};
		AE1AB18E27E3804300264774 /* Sources */ = {
			isa = PBXSourcesBuildPhase;
			buildActionMask = 2147483647;
			files = (
				AE1AB19727E3804300264774 /* OufMime_iOS_SwiftUITests.swift in Sources */,
			);
			runOnlyForDeploymentPostprocessing = 0;
		};
		AE1AB19827E3804300264774 /* Sources */ = {
			isa = PBXSourcesBuildPhase;
			buildActionMask = 2147483647;
			files = (
				AE1AB1A127E3804300264774 /* OufMime_iOS_SwiftUIUITests.swift in Sources */,
				AE1AB1A327E3804300264774 /* OufMime_iOS_SwiftUIUITestsLaunchTests.swift in Sources */,
			);
			runOnlyForDeploymentPostprocessing = 0;
		};
/* End PBXSourcesBuildPhase section */

/* Begin PBXTargetDependency section */
		AE1AB19427E3804300264774 /* PBXTargetDependency */ = {
			isa = PBXTargetDependency;
			target = AE1AB17C27E3804100264774 /* OufMime-iOS-SwiftUI */;
			targetProxy = AE1AB19327E3804300264774 /* PBXContainerItemProxy */;
		};
		AE1AB19E27E3804300264774 /* PBXTargetDependency */ = {
			isa = PBXTargetDependency;
			target = AE1AB17C27E3804100264774 /* OufMime-iOS-SwiftUI */;
			targetProxy = AE1AB19D27E3804300264774 /* PBXContainerItemProxy */;
		};
/* End PBXTargetDependency section */

/* Begin XCBuildConfiguration section */
		AE1AB1A427E3804300264774 /* Debug */ = {
			isa = XCBuildConfiguration;
			buildSettings = {
				ALWAYS_SEARCH_USER_PATHS = NO;
				CLANG_ANALYZER_NONNULL = YES;
				CLANG_ANALYZER_NUMBER_OBJECT_CONVERSION = YES_AGGRESSIVE;
				CLANG_CXX_LANGUAGE_STANDARD = "gnu++17";
				CLANG_ENABLE_MODULES = YES;
				CLANG_ENABLE_OBJC_ARC = YES;
				CLANG_ENABLE_OBJC_WEAK = YES;
				CLANG_WARN_BLOCK_CAPTURE_AUTORELEASING = YES;
				CLANG_WARN_BOOL_CONVERSION = YES;
				CLANG_WARN_COMMA = YES;
				CLANG_WARN_CONSTANT_CONVERSION = YES;
				CLANG_WARN_DEPRECATED_OBJC_IMPLEMENTATIONS = YES;
				CLANG_WARN_DIRECT_OBJC_ISA_USAGE = YES_ERROR;
				CLANG_WARN_DOCUMENTATION_COMMENTS = YES;
				CLANG_WARN_EMPTY_BODY = YES;
				CLANG_WARN_ENUM_CONVERSION = YES;
				CLANG_WARN_INFINITE_RECURSION = YES;
				CLANG_WARN_INT_CONVERSION = YES;
				CLANG_WARN_NON_LITERAL_NULL_CONVERSION = YES;
				CLANG_WARN_OBJC_IMPLICIT_RETAIN_SELF = YES;
				CLANG_WARN_OBJC_LITERAL_CONVERSION = YES;
				CLANG_WARN_OBJC_ROOT_CLASS = YES_ERROR;
				CLANG_WARN_QUOTED_INCLUDE_IN_FRAMEWORK_HEADER = YES;
				CLANG_WARN_RANGE_LOOP_ANALYSIS = YES;
				CLANG_WARN_STRICT_PROTOTYPES = YES;
				CLANG_WARN_SUSPICIOUS_MOVE = YES;
				CLANG_WARN_UNGUARDED_AVAILABILITY = YES_AGGRESSIVE;
				CLANG_WARN_UNREACHABLE_CODE = YES;
				CLANG_WARN__DUPLICATE_METHOD_MATCH = YES;
				COPY_PHASE_STRIP = NO;
				DEBUG_INFORMATION_FORMAT = dwarf;
				ENABLE_STRICT_OBJC_MSGSEND = YES;
				ENABLE_TESTABILITY = YES;
				GCC_C_LANGUAGE_STANDARD = gnu11;
				GCC_DYNAMIC_NO_PIC = NO;
				GCC_NO_COMMON_BLOCKS = YES;
				GCC_OPTIMIZATION_LEVEL = 0;
				GCC_PREPROCESSOR_DEFINITIONS = (
					"DEBUG=1",
					"$(inherited)",
				);
				GCC_WARN_64_TO_32_BIT_CONVERSION = YES;
				GCC_WARN_ABOUT_RETURN_TYPE = YES_ERROR;
				GCC_WARN_UNDECLARED_SELECTOR = YES;
				GCC_WARN_UNINITIALIZED_AUTOS = YES_AGGRESSIVE;
				GCC_WARN_UNUSED_FUNCTION = YES;
				GCC_WARN_UNUSED_VARIABLE = YES;
				IPHONEOS_DEPLOYMENT_TARGET = 15.4;
				MTL_ENABLE_DEBUG_INFO = INCLUDE_SOURCE;
				MTL_FAST_MATH = YES;
				ONLY_ACTIVE_ARCH = YES;
				SDKROOT = iphoneos;
				SWIFT_ACTIVE_COMPILATION_CONDITIONS = DEBUG;
				SWIFT_OPTIMIZATION_LEVEL = "-Onone";
			};
			name = Debug;
		};
		AE1AB1A527E3804300264774 /* Release */ = {
			isa = XCBuildConfiguration;
			buildSettings = {
				ALWAYS_SEARCH_USER_PATHS = NO;
				CLANG_ANALYZER_NONNULL = YES;
				CLANG_ANALYZER_NUMBER_OBJECT_CONVERSION = YES_AGGRESSIVE;
				CLANG_CXX_LANGUAGE_STANDARD = "gnu++17";
				CLANG_ENABLE_MODULES = YES;
				CLANG_ENABLE_OBJC_ARC = YES;
				CLANG_ENABLE_OBJC_WEAK = YES;
				CLANG_WARN_BLOCK_CAPTURE_AUTORELEASING = YES;
				CLANG_WARN_BOOL_CONVERSION = YES;
				CLANG_WARN_COMMA = YES;
				CLANG_WARN_CONSTANT_CONVERSION = YES;
				CLANG_WARN_DEPRECATED_OBJC_IMPLEMENTATIONS = YES;
				CLANG_WARN_DIRECT_OBJC_ISA_USAGE = YES_ERROR;
				CLANG_WARN_DOCUMENTATION_COMMENTS = YES;
				CLANG_WARN_EMPTY_BODY = YES;
				CLANG_WARN_ENUM_CONVERSION = YES;
				CLANG_WARN_INFINITE_RECURSION = YES;
				CLANG_WARN_INT_CONVERSION = YES;
				CLANG_WARN_NON_LITERAL_NULL_CONVERSION = YES;
				CLANG_WARN_OBJC_IMPLICIT_RETAIN_SELF = YES;
				CLANG_WARN_OBJC_LITERAL_CONVERSION = YES;
				CLANG_WARN_OBJC_ROOT_CLASS = YES_ERROR;
				CLANG_WARN_QUOTED_INCLUDE_IN_FRAMEWORK_HEADER = YES;
				CLANG_WARN_RANGE_LOOP_ANALYSIS = YES;
				CLANG_WARN_STRICT_PROTOTYPES = YES;
				CLANG_WARN_SUSPICIOUS_MOVE = YES;
				CLANG_WARN_UNGUARDED_AVAILABILITY = YES_AGGRESSIVE;
				CLANG_WARN_UNREACHABLE_CODE = YES;
				CLANG_WARN__DUPLICATE_METHOD_MATCH = YES;
				COPY_PHASE_STRIP = NO;
				DEBUG_INFORMATION_FORMAT = "dwarf-with-dsym";
				ENABLE_NS_ASSERTIONS = NO;
				ENABLE_STRICT_OBJC_MSGSEND = YES;
				GCC_C_LANGUAGE_STANDARD = gnu11;
				GCC_NO_COMMON_BLOCKS = YES;
				GCC_WARN_64_TO_32_BIT_CONVERSION = YES;
				GCC_WARN_ABOUT_RETURN_TYPE = YES_ERROR;
				GCC_WARN_UNDECLARED_SELECTOR = YES;
				GCC_WARN_UNINITIALIZED_AUTOS = YES_AGGRESSIVE;
				GCC_WARN_UNUSED_FUNCTION = YES;
				GCC_WARN_UNUSED_VARIABLE = YES;
				IPHONEOS_DEPLOYMENT_TARGET = 15.4;
				MTL_ENABLE_DEBUG_INFO = NO;
				MTL_FAST_MATH = YES;
				SDKROOT = iphoneos;
				SWIFT_COMPILATION_MODE = wholemodule;
				SWIFT_OPTIMIZATION_LEVEL = "-O";
				VALIDATE_PRODUCT = YES;
			};
			name = Release;
		};
		AE1AB1A727E3804300264774 /* Debug */ = {
			isa = XCBuildConfiguration;
			buildSettings = {
				ASSETCATALOG_COMPILER_APPICON_NAME = AppIcon;
				ASSETCATALOG_COMPILER_GLOBAL_ACCENT_COLOR_NAME = AccentColor;
				CODE_SIGN_STYLE = Automatic;
				CURRENT_PROJECT_VERSION = 1;
				DEVELOPMENT_ASSET_PATHS = "\"OufMime-iOS-SwiftUI/Preview Content\"";
				DEVELOPMENT_TEAM = 74PA8C23CB;
				ENABLE_PREVIEWS = YES;
				GENERATE_INFOPLIST_FILE = YES;
				INFOPLIST_KEY_UIApplicationSceneManifest_Generation = YES;
				INFOPLIST_KEY_UIApplicationSupportsIndirectInputEvents = YES;
				INFOPLIST_KEY_UILaunchScreen_Generation = YES;
				INFOPLIST_KEY_UISupportedInterfaceOrientations_iPad = "UIInterfaceOrientationPortrait UIInterfaceOrientationPortraitUpsideDown UIInterfaceOrientationLandscapeLeft UIInterfaceOrientationLandscapeRight";
				INFOPLIST_KEY_UISupportedInterfaceOrientations_iPhone = "UIInterfaceOrientationPortrait UIInterfaceOrientationLandscapeLeft UIInterfaceOrientationLandscapeRight";
				INFOPLIST_KEY_UIUserInterfaceStyle = Light;
				LD_RUNPATH_SEARCH_PATHS = (
					"$(inherited)",
					"@executable_path/Frameworks",
				);
				MARKETING_VERSION = 1.0;
				PRODUCT_BUNDLE_IDENTIFIER = "net.ouftech.OufMime-iOS-SwiftUI";
				PRODUCT_NAME = "$(TARGET_NAME)";
				SWIFT_EMIT_LOC_STRINGS = YES;
				SWIFT_VERSION = 5.0;
				TARGETED_DEVICE_FAMILY = "1,2";
			};
			name = Debug;
		};
		AE1AB1A827E3804300264774 /* Release */ = {
			isa = XCBuildConfiguration;
			buildSettings = {
				ASSETCATALOG_COMPILER_APPICON_NAME = AppIcon;
				ASSETCATALOG_COMPILER_GLOBAL_ACCENT_COLOR_NAME = AccentColor;
				CODE_SIGN_STYLE = Automatic;
				CURRENT_PROJECT_VERSION = 1;
				DEVELOPMENT_ASSET_PATHS = "\"OufMime-iOS-SwiftUI/Preview Content\"";
				DEVELOPMENT_TEAM = 74PA8C23CB;
				ENABLE_PREVIEWS = YES;
				GENERATE_INFOPLIST_FILE = YES;
				INFOPLIST_KEY_UIApplicationSceneManifest_Generation = YES;
				INFOPLIST_KEY_UIApplicationSupportsIndirectInputEvents = YES;
				INFOPLIST_KEY_UILaunchScreen_Generation = YES;
				INFOPLIST_KEY_UISupportedInterfaceOrientations_iPad = "UIInterfaceOrientationPortrait UIInterfaceOrientationPortraitUpsideDown UIInterfaceOrientationLandscapeLeft UIInterfaceOrientationLandscapeRight";
				INFOPLIST_KEY_UISupportedInterfaceOrientations_iPhone = "UIInterfaceOrientationPortrait UIInterfaceOrientationLandscapeLeft UIInterfaceOrientationLandscapeRight";
				INFOPLIST_KEY_UIUserInterfaceStyle = Light;
				LD_RUNPATH_SEARCH_PATHS = (
					"$(inherited)",
					"@executable_path/Frameworks",
				);
				MARKETING_VERSION = 1.0;
				PRODUCT_BUNDLE_IDENTIFIER = "net.ouftech.OufMime-iOS-SwiftUI";
				PRODUCT_NAME = "$(TARGET_NAME)";
				SWIFT_EMIT_LOC_STRINGS = YES;
				SWIFT_VERSION = 5.0;
				TARGETED_DEVICE_FAMILY = "1,2";
			};
			name = Release;
		};
		AE1AB1AA27E3804300264774 /* Debug */ = {
			isa = XCBuildConfiguration;
			buildSettings = {
				ALWAYS_EMBED_SWIFT_STANDARD_LIBRARIES = YES;
				BUNDLE_LOADER = "$(TEST_HOST)";
				CODE_SIGN_STYLE = Automatic;
				CURRENT_PROJECT_VERSION = 1;
				DEVELOPMENT_TEAM = 74PA8C23CB;
				GENERATE_INFOPLIST_FILE = YES;
				IPHONEOS_DEPLOYMENT_TARGET = 15.4;
				MARKETING_VERSION = 1.0;
				PRODUCT_BUNDLE_IDENTIFIER = "net.ouftech.OufMime-iOS-SwiftUITests";
				PRODUCT_NAME = "$(TARGET_NAME)";
				SWIFT_EMIT_LOC_STRINGS = NO;
				SWIFT_VERSION = 5.0;
				TARGETED_DEVICE_FAMILY = "1,2";
				TEST_HOST = "$(BUILT_PRODUCTS_DIR)/OufMime-iOS-SwiftUI.app/OufMime-iOS-SwiftUI";
			};
			name = Debug;
		};
		AE1AB1AB27E3804300264774 /* Release */ = {
			isa = XCBuildConfiguration;
			buildSettings = {
				ALWAYS_EMBED_SWIFT_STANDARD_LIBRARIES = YES;
				BUNDLE_LOADER = "$(TEST_HOST)";
				CODE_SIGN_STYLE = Automatic;
				CURRENT_PROJECT_VERSION = 1;
				DEVELOPMENT_TEAM = 74PA8C23CB;
				GENERATE_INFOPLIST_FILE = YES;
				IPHONEOS_DEPLOYMENT_TARGET = 15.4;
				MARKETING_VERSION = 1.0;
				PRODUCT_BUNDLE_IDENTIFIER = "net.ouftech.OufMime-iOS-SwiftUITests";
				PRODUCT_NAME = "$(TARGET_NAME)";
				SWIFT_EMIT_LOC_STRINGS = NO;
				SWIFT_VERSION = 5.0;
				TARGETED_DEVICE_FAMILY = "1,2";
				TEST_HOST = "$(BUILT_PRODUCTS_DIR)/OufMime-iOS-SwiftUI.app/OufMime-iOS-SwiftUI";
			};
			name = Release;
		};
		AE1AB1AD27E3804300264774 /* Debug */ = {
			isa = XCBuildConfiguration;
			buildSettings = {
				ALWAYS_EMBED_SWIFT_STANDARD_LIBRARIES = YES;
				CODE_SIGN_STYLE = Automatic;
				CURRENT_PROJECT_VERSION = 1;
				DEVELOPMENT_TEAM = 74PA8C23CB;
				GENERATE_INFOPLIST_FILE = YES;
				MARKETING_VERSION = 1.0;
				PRODUCT_BUNDLE_IDENTIFIER = "net.ouftech.OufMime-iOS-SwiftUIUITests";
				PRODUCT_NAME = "$(TARGET_NAME)";
				SWIFT_EMIT_LOC_STRINGS = NO;
				SWIFT_VERSION = 5.0;
				TARGETED_DEVICE_FAMILY = "1,2";
				TEST_TARGET_NAME = "OufMime-iOS-SwiftUI";
			};
			name = Debug;
		};
		AE1AB1AE27E3804300264774 /* Release */ = {
			isa = XCBuildConfiguration;
			buildSettings = {
				ALWAYS_EMBED_SWIFT_STANDARD_LIBRARIES = YES;
				CODE_SIGN_STYLE = Automatic;
				CURRENT_PROJECT_VERSION = 1;
				DEVELOPMENT_TEAM = 74PA8C23CB;
				GENERATE_INFOPLIST_FILE = YES;
				MARKETING_VERSION = 1.0;
				PRODUCT_BUNDLE_IDENTIFIER = "net.ouftech.OufMime-iOS-SwiftUIUITests";
				PRODUCT_NAME = "$(TARGET_NAME)";
				SWIFT_EMIT_LOC_STRINGS = NO;
				SWIFT_VERSION = 5.0;
				TARGETED_DEVICE_FAMILY = "1,2";
				TEST_TARGET_NAME = "OufMime-iOS-SwiftUI";
			};
			name = Release;
		};
/* End XCBuildConfiguration section */

/* Begin XCConfigurationList section */
		AE1AB17827E3804100264774 /* Build configuration list for PBXProject "OufMime-iOS-SwiftUI" */ = {
			isa = XCConfigurationList;
			buildConfigurations = (
				AE1AB1A427E3804300264774 /* Debug */,
				AE1AB1A527E3804300264774 /* Release */,
			);
			defaultConfigurationIsVisible = 0;
			defaultConfigurationName = Release;
		};
		AE1AB1A627E3804300264774 /* Build configuration list for PBXNativeTarget "OufMime-iOS-SwiftUI" */ = {
			isa = XCConfigurationList;
			buildConfigurations = (
				AE1AB1A727E3804300264774 /* Debug */,
				AE1AB1A827E3804300264774 /* Release */,
			);
			defaultConfigurationIsVisible = 0;
			defaultConfigurationName = Release;
		};
		AE1AB1A927E3804300264774 /* Build configuration list for PBXNativeTarget "OufMime-iOS-SwiftUITests" */ = {
			isa = XCConfigurationList;
			buildConfigurations = (
				AE1AB1AA27E3804300264774 /* Debug */,
				AE1AB1AB27E3804300264774 /* Release */,
			);
			defaultConfigurationIsVisible = 0;
			defaultConfigurationName = Release;
		};
		AE1AB1AC27E3804300264774 /* Build configuration list for PBXNativeTarget "OufMime-iOS-SwiftUIUITests" */ = {
			isa = XCConfigurationList;
			buildConfigurations = (
				AE1AB1AD27E3804300264774 /* Debug */,
				AE1AB1AE27E3804300264774 /* Release */,
			);
			defaultConfigurationIsVisible = 0;
			defaultConfigurationName = Release;
		};
/* End XCConfigurationList section */

/* Begin XCVersionGroup section */
		AE1AB18B27E3804300264774 /* OufMime_iOS_SwiftUI.xcdatamodeld */ = {
			isa = XCVersionGroup;
			children = (
				AE1AB18C27E3804300264774 /* OufMime_iOS_SwiftUI.xcdatamodel */,
			);
			currentVersion = AE1AB18C27E3804300264774 /* OufMime_iOS_SwiftUI.xcdatamodel */;
			path = OufMime_iOS_SwiftUI.xcdatamodeld;
			sourceTree = "<group>";
			versionGroupType = wrapper.xcdatamodel;
		};
/* End XCVersionGroup section */
	};
	rootObject = AE1AB17527E3804100264774 /* Project object */;
}
